github.com/chromedp/cdproto v0.157.8 h1:Tkq0AjsUlC3Z4sJfHBzV/uAAxnTF/AZyuSTjfV/1gvk=
github.com/chromedp/cdproto v0.157.8/go.mod h1:h68JaIuFr9o3yiayxEYhBdvaxgYO3shDrPSYhNlyfu0=
github.com/chromedp/chromedp v0.20.0 h1:faPCf3EpAKQX8OWHhXu1gEcrr658PxV+3E7nhvq7c2E=
github.com/chromedp/chromedp v0.20.0/go.mod h1:6z1Y5FdKUxRzxx2qcC5h1xjaBJrSWrZp1mjgITfNZig=
github.com/go-json-experiment/json v0.0.0-20260213210345-44df1a37e875 h1:XGPtjxqp0FS8jj1Z7QGcSOSgyq1fUPjNyJXvi3KfI4A=
github.com/go-json-experiment/json v0.0.0-20260213210345-44df1a37e875/go.mod h1:uNVvRXArCGbZ508SxYYTC5v1JWoz2voff5pm25jU1Ok=
github.com/kenshaw/rasterm v0.1.17 h1:d0lybneB4Gz4OPytiyG7q1vsBOfSzu0bn9DGUXQfOHU=
github.com/kenshaw/rasterm v0.1.17/go.mod h1:pwcEWmdetZLCKAPJQLhwP8bFgHJIrn49Kck/EAfRjV4=
github.com/mattn/go-sixel v0.0.11 h1:+1qa839dVz5UxA0w/gQBbC1+5hb1b6DSAidf+caN63s=
github.com/mattn/go-sixel v0.0.11/go.mod h1:UzxovwVMmjEBx5ui3fav05lfRkxNiaLLDJuOkanrVOI=
github.com/soniakeys/quant v1.0.0 h1:N1um9ktjbkZVcywBVAAYpZYSHxEfJGzshHCxx/DaI0Y=
github.com/soniakeys/quant v1.0.0/go.mod h1:HI1k023QuVbD4H8i9YdfZP2munIHU4QpjsImz6Y6zds=
golang.org/x/sys v0.46.0 h1:noSf2Fq6F8DBgS+LysIkx7rIExoNHJsxOAtPp4rthXw=
golang.org/x/sys v0.46.0/go.mod h1:4GL1E5IUh+htKOUEOaiffhrAeqysfVGipDYzABqnCmw=
golang.org/x/term v0.44.0 h1:0rLvDRCtNj0gZkyIXhCyOb2OAzEhLVqc4B+hrsBhrmc=
golang.org/x/term v0.44.0/go.mod h1:7ze4MdzUzLXpSAoFP1H0bOI9aXDqveSvatT5vKcFh2Y=
