github.com/chromedp/cdproto v0.157.5 h1:+5/BBXH68BnlTWZqW9kY/TKD8SKMf6ZCPMo9Qv8oW7w=
github.com/chromedp/cdproto v0.157.5/go.mod h1:scNPhJ/A4T8BVkyR5k2Uocvoju3iBRZS4cg3uMlxuMk=
github.com/chromedp/chromedp v0.19.0 h1:fmRpyKU7Y6mSvoVLK9olbzMVBcvw3KA996eKi4dUZI4=
github.com/chromedp/chromedp v0.19.0/go.mod h1:4Rs9XtapAMgXxg0s1PpixyQHf37kdnSdu2ov5G4FsZ0=
github.com/kenshaw/rasterm v0.1.17 h1:d0lybneB4Gz4OPytiyG7q1vsBOfSzu0bn9DGUXQfOHU=
github.com/kenshaw/rasterm v0.1.17/go.mod h1:pwcEWmdetZLCKAPJQLhwP8bFgHJIrn49Kck/EAfRjV4=
github.com/mattn/go-sixel v0.0.11 h1:+1qa839dVz5UxA0w/gQBbC1+5hb1b6DSAidf+caN63s=
github.com/mattn/go-sixel v0.0.11/go.mod h1:UzxovwVMmjEBx5ui3fav05lfRkxNiaLLDJuOkanrVOI=
github.com/soniakeys/quant v1.0.0 h1:N1um9ktjbkZVcywBVAAYpZYSHxEfJGzshHCxx/DaI0Y=
github.com/soniakeys/quant v1.0.0/go.mod h1:HI1k023QuVbD4H8i9YdfZP2munIHU4QpjsImz6Y6zds=
golang.org/x/sys v0.46.0 h1:noSf2Fq6F8DBgS+LysIkx7rIExoNHJsxOAtPp4rthXw=
golang.org/x/sys v0.46.0/go.mod h1:4GL1E5IUh+htKOUEOaiffhrAeqysfVGipDYzABqnCmw=
golang.org/x/term v0.44.0 h1:0rLvDRCtNj0gZkyIXhCyOb2OAzEhLVqc4B+hrsBhrmc=
golang.org/x/term v0.44.0/go.mod h1:7ze4MdzUzLXpSAoFP1H0bOI9aXDqveSvatT5vKcFh2Y=
